
Microsoft Visual Studio Solution File, Format Version 12.00
# Visual Studio 15
VisualStudioVersion = 15.0.26430.16
MinimumVisualStudioVersion = 10.0.40219.1
Project("{FAE04EC0-301F-11D3-BF4B-00C04F79EFBC}") = "RockPaperScissors", "RockPaperScissors\RockPaperScissors.csproj", "{88547874-68EC-4DD2-8712-CFDB9A2522B1}"
EndProject
Project("{FAE04EC0-301F-11D3-BF4B-00C04F79EFBC}") = "RockPaperScissorsiOs", "RockPaperScissorsiOs\RockPaperScissorsiOs.csproj", "{106230F5-AD66-4608-B767-657B28CD0109}"
EndProject
Global
	GlobalSection(SolutionConfigurationPlatforms) = preSolution
		Ad-Hoc|Any CPU = Ad-Hoc|Any CPU
		Ad-Hoc|iPhone = Ad-Hoc|iPhone
		Ad-Hoc|iPhoneSimulator = Ad-Hoc|iPhoneSimulator
		AppStore|Any CPU = AppStore|Any CPU
		AppStore|iPhone = AppStore|iPhone
		AppStore|iPhoneSimulator = AppStore|iPhoneSimulator
		Debug|Any CPU = Debug|Any CPU
		Debug|iPhone = Debug|iPhone
		Debug|iPhoneSimulator = Debug|iPhoneSimulator
		Release|Any CPU = Release|Any CPU
		Release|iPhone = Release|iPhone
		Release|iPhoneSimulator = Release|iPhoneSimulator
	EndGlobalSection
	GlobalSection(ProjectConfigurationPlatforms) = postSolution
		{88547874-68EC-4DD2-8712-CFDB9A2522B1}.Ad-Hoc|Any CPU.ActiveCfg = Release|Any CPU
		{88547874-68EC-4DD2-8712-CFDB9A2522B1}.Ad-Hoc|Any CPU.Build.0 = Release|Any CPU
		{88547874-68EC-4DD2-8712-CFDB9A2522B1}.Ad-Hoc|Any CPU.Deploy.0 = Release|Any CPU
		{88547874-68EC-4DD2-8712-CFDB9A2522B1}.Ad-Hoc|iPhone.ActiveCfg = Release|Any CPU
		{88547874-68EC-4DD2-8712-CFDB9A2522B1}.Ad-Hoc|iPhone.Build.0 = Release|Any CPU
		{88547874-68EC-4DD2-8712-CFDB9A2522B1}.Ad-Hoc|iPhone.Deploy.0 = Release|Any CPU
		{88547874-68EC-4DD2-8712-CFDB9A2522B1}.Ad-Hoc|iPhoneSimulator.ActiveCfg = Release|Any CPU
		{88547874-68EC-4DD2-8712-CFDB9A2522B1}.Ad-Hoc|iPhoneSimulator.Build.0 = Release|Any CPU
		{88547874-68EC-4DD2-8712-CFDB9A2522B1}.Ad-Hoc|iPhoneSimulator.Deploy.0 = Release|Any CPU
		{88547874-68EC-4DD2-8712-CFDB9A2522B1}.AppStore|Any CPU.ActiveCfg = Release|Any CPU
		{88547874-68EC-4DD2-8712-CFDB9A2522B1}.AppStore|Any CPU.Build.0 = Release|Any CPU
		{88547874-68EC-4DD2-8712-CFDB9A2522B1}.AppStore|Any CPU.Deploy.0 = Release|Any CPU
		{88547874-68EC-4DD2-8712-CFDB9A2522B1}.AppStore|iPhone.ActiveCfg = Release|Any CPU
		{88547874-68EC-4DD2-8712-CFDB9A2522B1}.AppStore|iPhone.Build.0 = Release|Any CPU
		{88547874-68EC-4DD2-8712-CFDB9A2522B1}.AppStore|iPhone.Deploy.0 = Release|Any CPU
		{88547874-68EC-4DD2-8712-CFDB9A2522B1}.AppStore|iPhoneSimulator.ActiveCfg = Release|Any CPU
		{88547874-68EC-4DD2-8712-CFDB9A2522B1}.AppStore|iPhoneSimulator.Build.0 = Release|Any CPU
		{88547874-68EC-4DD2-8712-CFDB9A2522B1}.AppStore|iPhoneSimulator.Deploy.0 = Release|Any CPU
		{88547874-68EC-4DD2-8712-CFDB9A2522B1}.Debug|Any CPU.ActiveCfg = Debug|Any CPU
		{88547874-68EC-4DD2-8712-CFDB9A2522B1}.Debug|Any CPU.Build.0 = Debug|Any CPU
		{88547874-68EC-4DD2-8712-CFDB9A2522B1}.Debug|Any CPU.Deploy.0 = Debug|Any CPU
		{88547874-68EC-4DD2-8712-CFDB9A2522B1}.Debug|iPhone.ActiveCfg = Debug|Any CPU
		{88547874-68EC-4DD2-8712-CFDB9A2522B1}.Debug|iPhone.Build.0 = Debug|Any CPU
		{88547874-68EC-4DD2-8712-CFDB9A2522B1}.Debug|iPhone.Deploy.0 = Debug|Any CPU
		{88547874-68EC-4DD2-8712-CFDB9A2522B1}.Debug|iPhoneSimulator.ActiveCfg = Debug|Any CPU
		{88547874-68EC-4DD2-8712-CFDB9A2522B1}.Debug|iPhoneSimulator.Build.0 = Debug|Any CPU
		{88547874-68EC-4DD2-8712-CFDB9A2522B1}.Debug|iPhoneSimulator.Deploy.0 = Debug|Any CPU
		{88547874-68EC-4DD2-8712-CFDB9A2522B1}.Release|Any CPU.ActiveCfg = Release|Any CPU
		{88547874-68EC-4DD2-8712-CFDB9A2522B1}.Release|Any CPU.Build.0 = Release|Any CPU
		{88547874-68EC-4DD2-8712-CFDB9A2522B1}.Release|Any CPU.Deploy.0 = Release|Any CPU
		{88547874-68EC-4DD2-8712-CFDB9A2522B1}.Release|iPhone.ActiveCfg = Release|Any CPU
		{88547874-68EC-4DD2-8712-CFDB9A2522B1}.Release|iPhone.Build.0 = Release|Any CPU
		{88547874-68EC-4DD2-8712-CFDB9A2522B1}.Release|iPhone.Deploy.0 = Release|Any CPU
		{88547874-68EC-4DD2-8712-CFDB9A2522B1}.Release|iPhoneSimulator.ActiveCfg = Release|Any CPU
		{88547874-68EC-4DD2-8712-CFDB9A2522B1}.Release|iPhoneSimulator.Build.0 = Release|Any CPU
		{88547874-68EC-4DD2-8712-CFDB9A2522B1}.Release|iPhoneSimulator.Deploy.0 = Release|Any CPU
		{106230F5-AD66-4608-B767-657B28CD0109}.Ad-Hoc|Any CPU.ActiveCfg = Ad-Hoc|iPhone
		{106230F5-AD66-4608-B767-657B28CD0109}.Ad-Hoc|iPhone.ActiveCfg = Ad-Hoc|iPhone
		{106230F5-AD66-4608-B767-657B28CD0109}.Ad-Hoc|iPhone.Build.0 = Ad-Hoc|iPhone
		{106230F5-AD66-4608-B767-657B28CD0109}.Ad-Hoc|iPhoneSimulator.ActiveCfg = Ad-Hoc|iPhoneSimulator
		{106230F5-AD66-4608-B767-657B28CD0109}.Ad-Hoc|iPhoneSimulator.Build.0 = Ad-Hoc|iPhoneSimulator
		{106230F5-AD66-4608-B767-657B28CD0109}.AppStore|Any CPU.ActiveCfg = AppStore|iPhone
		{106230F5-AD66-4608-B767-657B28CD0109}.AppStore|iPhone.ActiveCfg = AppStore|iPhone
		{106230F5-AD66-4608-B767-657B28CD0109}.AppStore|iPhone.Build.0 = AppStore|iPhone
		{106230F5-AD66-4608-B767-657B28CD0109}.AppStore|iPhoneSimulator.ActiveCfg = AppStore|iPhoneSimulator
		{106230F5-AD66-4608-B767-657B28CD0109}.AppStore|iPhoneSimulator.Build.0 = AppStore|iPhoneSimulator
		{106230F5-AD66-4608-B767-657B28CD0109}.Debug|Any CPU.ActiveCfg = Debug|iPhone
		{106230F5-AD66-4608-B767-657B28CD0109}.Debug|iPhone.ActiveCfg = Debug|iPhone
		{106230F5-AD66-4608-B767-657B28CD0109}.Debug|iPhone.Build.0 = Debug|iPhone
		{106230F5-AD66-4608-B767-657B28CD0109}.Debug|iPhoneSimulator.ActiveCfg = Debug|iPhoneSimulator
		{106230F5-AD66-4608-B767-657B28CD0109}.Debug|iPhoneSimulator.Build.0 = Debug|iPhoneSimulator
		{106230F5-AD66-4608-B767-657B28CD0109}.Release|Any CPU.ActiveCfg = Release|iPhone
		{106230F5-AD66-4608-B767-657B28CD0109}.Release|iPhone.ActiveCfg = Release|iPhone
		{106230F5-AD66-4608-B767-657B28CD0109}.Release|iPhone.Build.0 = Release|iPhone
		{106230F5-AD66-4608-B767-657B28CD0109}.Release|iPhoneSimulator.ActiveCfg = Release|iPhoneSimulator
		{106230F5-AD66-4608-B767-657B28CD0109}.Release|iPhoneSimulator.Build.0 = Release|iPhoneSimulator
	EndGlobalSection
	GlobalSection(SolutionProperties) = preSolution
		HideSolutionNode = FALSE
	EndGlobalSection
EndGlobal
